
Microsoft Visual Studio Solution File, Format Version 12.00
# Visual Studio 2013
VisualStudioVersion = 12.0.31101.0
MinimumVisualStudioVersion = 10.0.40219.1
Project("{CC5FD16D-436D-48AD-A40C-5A424C6E3E79}") = "SimpleChatDemoCloudService", "SimpleChatDemoCloudService\SimpleChatDemoCloudService.ccproj", "{CA4400F7-FF7B-49BC-BD83-462BCE366849}"
EndProject
Project("{FAE04EC0-301F-11D3-BF4B-00C04F79EFBC}") = "SignalRChatWebRole", "WebRole1\SignalRChatWebRole.csproj", "{FBA8FDA1-B0F6-4C54-96FD-1F4FCD4B79C0}"
EndProject
Global
	GlobalSection(SolutionConfigurationPlatforms) = preSolution
		Debug|Any CPU = Debug|Any CPU
		Release|Any CPU = Release|Any CPU
	EndGlobalSection
	GlobalSection(ProjectConfigurationPlatforms) = postSolution
		{CA4400F7-FF7B-49BC-BD83-462BCE366849}.Debug|Any CPU.ActiveCfg = Debug|Any CPU
		{CA4400F7-FF7B-49BC-BD83-462BCE366849}.Debug|Any CPU.Build.0 = Debug|Any CPU
		{CA4400F7-FF7B-49BC-BD83-462BCE366849}.Release|Any CPU.ActiveCfg = Release|Any CPU
		{CA4400F7-FF7B-49BC-BD83-462BCE366849}.Release|Any CPU.Build.0 = Release|Any CPU
		{FBA8FDA1-B0F6-4C54-96FD-1F4FCD4B79C0}.Debug|Any CPU.ActiveCfg = Debug|Any CPU
		{FBA8FDA1-B0F6-4C54-96FD-1F4FCD4B79C0}.Debug|Any CPU.Build.0 = Debug|Any CPU
		{FBA8FDA1-B0F6-4C54-96FD-1F4FCD4B79C0}.Release|Any CPU.ActiveCfg = Release|Any CPU
		{FBA8FDA1-B0F6-4C54-96FD-1F4FCD4B79C0}.Release|Any CPU.Build.0 = Release|Any CPU
	EndGlobalSection
	GlobalSection(SolutionProperties) = preSolution
		HideSolutionNode = FALSE
	EndGlobalSection
EndGlobal
